{
	"name": "bwcx-core",
	"version": "1.0.2",
	"lockfileVersion": 1,
	"requires": true,
	"dependencies": {
		"dainty-di": {
			"version": "1.0.0",
			"resolved": "https://registry.npmjs.org/dainty-di/-/dainty-di-1.0.0.tgz",
			"integrity": "sha512-K63A3DTi1VtB9AM1kwE6GgDJJaT8dLip0fdgTyTyYPPqxjdwahoi3Np/Iqj3ku8mPGBLVy9fBzicyeIygn7xlg==",
			"requires": {
				"inversify": "^5.1.1",
				"reflect-metadata": "^0.1.13"
			}
		},
		"inversify": {
			"version": "5.1.1",
			"resolved": "https://registry.npmjs.org/inversify/-/inversify-5.1.1.tgz",
			"integrity": "sha512-j8grHGDzv1v+8T1sAQ+3boTCntFPfvxLCkNcxB1J8qA0lUN+fAlSyYd+RXKvaPRL4AGyPxViutBEJHNXOyUdFQ=="
		},
		"reflect-metadata": {
			"version": "0.1.13",
			"resolved": "https://registry.npmjs.org/reflect-metadata/-/reflect-metadata-0.1.13.tgz",
			"integrity": "sha512-Ts1Y/anZELhSsjMcU605fU9RE4Oi3p5ORujwbIKXfWa+0Zxs510Qrmrce5/Jowq3cHSZSJqBjypxmHarc+vEWg=="
		}
	}
}
